{
  "name": "buildviz",
  "version": "0.10.1",
  "lockfileVersion": 1,
  "requires": true,
  "dependencies": {
    "d3": {
      "version": "3.5.5",
      "resolved": "https://registry.npmjs.org/d3/-/d3-3.5.5.tgz",
      "integrity": "sha1-vhq6aoT7ZlMoOz6+u39XDjvaGH4="
    },
    "moment": {
      "version": "2.10.6",
      "resolved": "https://registry.npmjs.org/moment/-/moment-2.10.6.tgz",
      "integrity": "sha1-bLIZZ8ecunsMpeZmRPFzZis++nc="
    },
    "moment-duration-format": {
      "version": "1.3.0",
      "resolved": "https://registry.npmjs.org/moment-duration-format/-/moment-duration-format-1.3.0.tgz",
      "integrity": "sha1-VBdxtfh6BJzGVUBHXTrZZnN9aQg="
    }
  }
}
