{
  "name": "buildviz",
  "version": "0.13.0",
  "lockfileVersion": 1,
  "requires": true,
  "dependencies": {
    "d3": {
      "version": "3.5.5",
      "resolved": "https://registry.npmjs.org/d3/-/d3-3.5.5.tgz",
      "integrity": "sha1-vhq6aoT7ZlMoOz6+u39XDjvaGH4="
    },
    "moment": {
      "version": "2.22.2",
      "resolved": "https://registry.npmjs.org/moment/-/moment-2.22.2.tgz",
      "integrity": "sha1-PCV/mDn8DpP/UxSWMiOeuQeD/2Y="
    },
    "moment-duration-format": {
      "version": "2.2.2",
      "resolved": "https://registry.npmjs.org/moment-duration-format/-/moment-duration-format-2.2.2.tgz",
      "integrity": "sha1-uVdhLeJgFsmtnrYIfAVFc+USd3k="
    }
  }
}
